<Solution>
  <Project Path="src/OpenQR.API/OpenQR.API.csproj" />
  <Project Path="src/OpenQR.Application/OpenQR.Application.csproj" />
  <Project Path="src/OpenQR.Domain/OpenQR.Domain.csproj" />
  <Project Path="src/OpenQR.Infrastructure/OpenQR.Infrastructure.csproj" />
  <Project Path="src/OpenQR.Web/OpenQR.Web.csproj" />
</Solution>
